{
  "version": 4,
  "terraform_version": "0.12.2",
  "serial": 27,
  "lineage": "aaed84ba-40de-545b-a764-fd541d561a3c",
  "outputs": {},
  "resources": [
    {
      "mode": "managed",
      "type": "aws_elasticache_parameter_group",
      "name": "default",
      "provider": "provider.aws",
      "instances": [
        {
          "schema_version": 0,
          "attributes": {
            "description": "modified PG for redis, allows permisions for clouddriver initial commands",
            "family": "redis5.0",
            "id": "redisspinnaker5",
            "name": "redisspinnaker5",
            "parameter": [
              {
                "name": "notify-keyspace-events",
                "value": "gxE"
              }
            ]
          }
        }
      ]
    },
    {
      "mode": "managed",
      "type": "aws_elasticache_replication_group",
      "name": "elasticache-repl-grp",
      "provider": "provider.aws",
      "instances": []
    },
    {
      "mode": "managed",
      "type": "aws_elasticache_subnet_group",
      "name": "elasticache-subnet-grp",
      "provider": "provider.aws",
      "instances": [
        {
          "schema_version": 0,
          "attributes": {
            "description": "Managed by Terraform",
            "id": "elasticache-subnet-grp",
            "name": "elasticache-subnet-grp",
            "subnet_ids": [
              "subnet-022a51acebc5e4e87",
              "subnet-0775dfa9e1b35f703"
            ]
          }
        }
      ]
    }
  ]
}
